
Microsoft Visual Studio Solution File, Format Version 12.00
# Visual Studio 15
VisualStudioVersion = 15.0.27428.2037
MinimumVisualStudioVersion = 10.0.40219.1
Project("{FAE04EC0-301F-11D3-BF4B-00C04F79EFBC}") = "byw.Android", "byw\byw.Android\byw.Android.csproj", "{F2C0D632-BBF9-43C0-9940-56CBFA59E218}"
EndProject
Project("{FAE04EC0-301F-11D3-BF4B-00C04F79EFBC}") = "byw.iOS", "byw\byw.iOS\byw.iOS.csproj", "{BA6F85AC-6980-49B9-A870-DE3C419F76F3}"
EndProject
Project("{FAE04EC0-301F-11D3-BF4B-00C04F79EFBC}") = "byw.UWP", "byw\byw.UWP\byw.UWP.csproj", "{C91DCDA0-C6FC-4C66-824A-999D6F7C941C}"
EndProject
Project("{D954291E-2A0B-460D-934E-DC6B0785DB48}") = "byw", "byw\byw\byw.shproj", "{8B044658-8050-41C0-819D-FF22047DEBC3}"
EndProject
Global
	GlobalSection(SharedMSBuildProjectFiles) = preSolution
		byw\byw\byw.projitems*{8b044658-8050-41c0-819d-ff22047debc3}*SharedItemsImports = 13
		byw\byw\byw.projitems*{ba6f85ac-6980-49b9-a870-de3c419f76f3}*SharedItemsImports = 4
		byw\byw\byw.projitems*{c91dcda0-c6fc-4c66-824a-999d6f7c941c}*SharedItemsImports = 4
		byw\byw\byw.projitems*{f2c0d632-bbf9-43c0-9940-56cbfa59e218}*SharedItemsImports = 4
	EndGlobalSection
	GlobalSection(SolutionConfigurationPlatforms) = preSolution
		Ad-Hoc|Any CPU = Ad-Hoc|Any CPU
		Ad-Hoc|ARM = Ad-Hoc|ARM
		Ad-Hoc|iPhone = Ad-Hoc|iPhone
		Ad-Hoc|iPhoneSimulator = Ad-Hoc|iPhoneSimulator
		Ad-Hoc|x64 = Ad-Hoc|x64
		Ad-Hoc|x86 = Ad-Hoc|x86
		AppStore|Any CPU = AppStore|Any CPU
		AppStore|ARM = AppStore|ARM
		AppStore|iPhone = AppStore|iPhone
		AppStore|iPhoneSimulator = AppStore|iPhoneSimulator
		AppStore|x64 = AppStore|x64
		AppStore|x86 = AppStore|x86
		Debug|Any CPU = Debug|Any CPU
		Debug|ARM = Debug|ARM
		Debug|iPhone = Debug|iPhone
		Debug|iPhoneSimulator = Debug|iPhoneSimulator
		Debug|x64 = Debug|x64
		Debug|x86 = Debug|x86
		Release|Any CPU = Release|Any CPU
		Release|ARM = Release|ARM
		Release|iPhone = Release|iPhone
		Release|iPhoneSimulator = Release|iPhoneSimulator
		Release|x64 = Release|x64
		Release|x86 = Release|x86
	EndGlobalSection
	GlobalSection(ProjectConfigurationPlatforms) = postSolution
		{F2C0D632-BBF9-43C0-9940-56CBFA59E218}.Ad-Hoc|Any CPU.ActiveCfg = Release|Any CPU
		{F2C0D632-BBF9-43C0-9940-56CBFA59E218}.Ad-Hoc|Any CPU.Build.0 = Release|Any CPU
		{F2C0D632-BBF9-43C0-9940-56CBFA59E218}.Ad-Hoc|Any CPU.Deploy.0 = Release|Any CPU
		{F2C0D632-BBF9-43C0-9940-56CBFA59E218}.Ad-Hoc|ARM.ActiveCfg = Release|Any CPU
		{F2C0D632-BBF9-43C0-9940-56CBFA59E218}.Ad-Hoc|ARM.Build.0 = Release|Any CPU
		{F2C0D632-BBF9-43C0-9940-56CBFA59E218}.Ad-Hoc|ARM.Deploy.0 = Release|Any CPU
		{F2C0D632-BBF9-43C0-9940-56CBFA59E218}.Ad-Hoc|iPhone.ActiveCfg = Release|Any CPU
		{F2C0D632-BBF9-43C0-9940-56CBFA59E218}.Ad-Hoc|iPhone.Build.0 = Release|Any CPU
		{F2C0D632-BBF9-43C0-9940-56CBFA59E218}.Ad-Hoc|iPhone.Deploy.0 = Release|Any CPU
		{F2C0D632-BBF9-43C0-9940-56CBFA59E218}.Ad-Hoc|iPhoneSimulator.ActiveCfg = Release|Any CPU
		{F2C0D632-BBF9-43C0-9940-56CBFA59E218}.Ad-Hoc|iPhoneSimulator.Build.0 = Release|Any CPU
		{F2C0D632-BBF9-43C0-9940-56CBFA59E218}.Ad-Hoc|iPhoneSimulator.Deploy.0 = Release|Any CPU
		{F2C0D632-BBF9-43C0-9940-56CBFA59E218}.Ad-Hoc|x64.ActiveCfg = Release|Any CPU
		{F2C0D632-BBF9-43C0-9940-56CBFA59E218}.Ad-Hoc|x64.Build.0 = Release|Any CPU
		{F2C0D632-BBF9-43C0-9940-56CBFA59E218}.Ad-Hoc|x64.Deploy.0 = Release|Any CPU
		{F2C0D632-BBF9-43C0-9940-56CBFA59E218}.Ad-Hoc|x86.ActiveCfg = Release|Any CPU
		{F2C0D632-BBF9-43C0-9940-56CBFA59E218}.Ad-Hoc|x86.Build.0 = Release|Any CPU
		{F2C0D632-BBF9-43C0-9940-56CBFA59E218}.Ad-Hoc|x86.Deploy.0 = Release|Any CPU
		{F2C0D632-BBF9-43C0-9940-56CBFA59E218}.AppStore|Any CPU.ActiveCfg = Release|Any CPU
		{F2C0D632-BBF9-43C0-9940-56CBFA59E218}.AppStore|Any CPU.Build.0 = Release|Any CPU
		{F2C0D632-BBF9-43C0-9940-56CBFA59E218}.AppStore|Any CPU.Deploy.0 = Release|Any CPU
		{F2C0D632-BBF9-43C0-9940-56CBFA59E218}.AppStore|ARM.ActiveCfg = Release|Any CPU
		{F2C0D632-BBF9-43C0-9940-56CBFA59E218}.AppStore|ARM.Build.0 = Release|Any CPU
		{F2C0D632-BBF9-43C0-9940-56CBFA59E218}.AppStore|ARM.Deploy.0 = Release|Any CPU
		{F2C0D632-BBF9-43C0-9940-56CBFA59E218}.AppStore|iPhone.ActiveCfg = Release|Any CPU
		{F2C0D632-BBF9-43C0-9940-56CBFA59E218}.AppStore|iPhone.Build.0 = Release|Any CPU
		{F2C0D632-BBF9-43C0-9940-56CBFA59E218}.AppStore|iPhone.Deploy.0 = Release|Any CPU
		{F2C0D632-BBF9-43C0-9940-56CBFA59E218}.AppStore|iPhoneSimulator.ActiveCfg = Release|Any CPU
		{F2C0D632-BBF9-43C0-9940-56CBFA59E218}.AppStore|iPhoneSimulator.Build.0 = Release|Any CPU
		{F2C0D632-BBF9-43C0-9940-56CBFA59E218}.AppStore|iPhoneSimulator.Deploy.0 = Release|Any CPU
		{F2C0D632-BBF9-43C0-9940-56CBFA59E218}.AppStore|x64.ActiveCfg = Release|Any CPU
		{F2C0D632-BBF9-43C0-9940-56CBFA59E218}.AppStore|x64.Build.0 = Release|Any CPU
		{F2C0D632-BBF9-43C0-9940-56CBFA59E218}.AppStore|x64.Deploy.0 = Release|Any CPU
		{F2C0D632-BBF9-43C0-9940-56CBFA59E218}.AppStore|x86.ActiveCfg = Release|Any CPU
		{F2C0D632-BBF9-43C0-9940-56CBFA59E218}.AppStore|x86.Build.0 = Release|Any CPU
		{F2C0D632-BBF9-43C0-9940-56CBFA59E218}.AppStore|x86.Deploy.0 = Release|Any CPU
		{F2C0D632-BBF9-43C0-9940-56CBFA59E218}.Debug|Any CPU.ActiveCfg = Debug|Any CPU
		{F2C0D632-BBF9-43C0-9940-56CBFA59E218}.Debug|Any CPU.Build.0 = Debug|Any CPU
		{F2C0D632-BBF9-43C0-9940-56CBFA59E218}.Debug|Any CPU.Deploy.0 = Debug|Any CPU
		{F2C0D632-BBF9-43C0-9940-56CBFA59E218}.Debug|ARM.ActiveCfg = Debug|Any CPU
		{F2C0D632-BBF9-43C0-9940-56CBFA59E218}.Debug|ARM.Build.0 = Debug|Any CPU
		{F2C0D632-BBF9-43C0-9940-56CBFA59E218}.Debug|ARM.Deploy.0 = Debug|Any CPU
		{F2C0D632-BBF9-43C0-9940-56CBFA59E218}.Debug|iPhone.ActiveCfg = Debug|Any CPU
		{F2C0D632-BBF9-43C0-9940-56CBFA59E218}.Debug|iPhone.Build.0 = Debug|Any CPU
		{F2C0D632-BBF9-43C0-9940-56CBFA59E218}.Debug|iPhone.Deploy.0 = Debug|Any CPU
		{F2C0D632-BBF9-43C0-9940-56CBFA59E218}.Debug|iPhoneSimulator.ActiveCfg = Debug|Any CPU
		{F2C0D632-BBF9-43C0-9940-56CBFA59E218}.Debug|iPhoneSimulator.Build.0 = Debug|Any CPU
		{F2C0D632-BBF9-43C0-9940-56CBFA59E218}.Debug|iPhoneSimulator.Deploy.0 = Debug|Any CPU
		{F2C0D632-BBF9-43C0-9940-56CBFA59E218}.Debug|x64.ActiveCfg = Debug|Any CPU
		{F2C0D632-BBF9-43C0-9940-56CBFA59E218}.Debug|x64.Build.0 = Debug|Any CPU
		{F2C0D632-BBF9-43C0-9940-56CBFA59E218}.Debug|x64.Deploy.0 = Debug|Any CPU
		{F2C0D632-BBF9-43C0-9940-56CBFA59E218}.Debug|x86.ActiveCfg = Debug|Any CPU
		{F2C0D632-BBF9-43C0-9940-56CBFA59E218}.Debug|x86.Build.0 = Debug|Any CPU
		{F2C0D632-BBF9-43C0-9940-56CBFA59E218}.Debug|x86.Deploy.0 = Debug|Any CPU
		{F2C0D632-BBF9-43C0-9940-56CBFA59E218}.Release|Any CPU.ActiveCfg = Release|Any CPU
		{F2C0D632-BBF9-43C0-9940-56CBFA59E218}.Release|Any CPU.Build.0 = Release|Any CPU
		{F2C0D632-BBF9-43C0-9940-56CBFA59E218}.Release|Any CPU.Deploy.0 = Release|Any CPU
		{F2C0D632-BBF9-43C0-9940-56CBFA59E218}.Release|ARM.ActiveCfg = Release|Any CPU
		{F2C0D632-BBF9-43C0-9940-56CBFA59E218}.Release|ARM.Build.0 = Release|Any CPU
		{F2C0D632-BBF9-43C0-9940-56CBFA59E218}.Release|ARM.Deploy.0 = Release|Any CPU
		{F2C0D632-BBF9-43C0-9940-56CBFA59E218}.Release|iPhone.ActiveCfg = Release|Any CPU
		{F2C0D632-BBF9-43C0-9940-56CBFA59E218}.Release|iPhone.Build.0 = Release|Any CPU
		{F2C0D632-BBF9-43C0-9940-56CBFA59E218}.Release|iPhone.Deploy.0 = Release|Any CPU
		{F2C0D632-BBF9-43C0-9940-56CBFA59E218}.Release|iPhoneSimulator.ActiveCfg = Release|Any CPU
		{F2C0D632-BBF9-43C0-9940-56CBFA59E218}.Release|iPhoneSimulator.Build.0 = Release|Any CPU
		{F2C0D632-BBF9-43C0-9940-56CBFA59E218}.Release|iPhoneSimulator.Deploy.0 = Release|Any CPU
		{F2C0D632-BBF9-43C0-9940-56CBFA59E218}.Release|x64.ActiveCfg = Release|Any CPU
		{F2C0D632-BBF9-43C0-9940-56CBFA59E218}.Release|x64.Build.0 = Release|Any CPU
		{F2C0D632-BBF9-43C0-9940-56CBFA59E218}.Release|x64.Deploy.0 = Release|Any CPU
		{F2C0D632-BBF9-43C0-9940-56CBFA59E218}.Release|x86.ActiveCfg = Release|Any CPU
		{F2C0D632-BBF9-43C0-9940-56CBFA59E218}.Release|x86.Build.0 = Release|Any CPU
		{F2C0D632-BBF9-43C0-9940-56CBFA59E218}.Release|x86.Deploy.0 = Release|Any CPU
		{BA6F85AC-6980-49B9-A870-DE3C419F76F3}.Ad-Hoc|Any CPU.ActiveCfg = Ad-Hoc|iPhone
		{BA6F85AC-6980-49B9-A870-DE3C419F76F3}.Ad-Hoc|ARM.ActiveCfg = Ad-Hoc|iPhone
		{BA6F85AC-6980-49B9-A870-DE3C419F76F3}.Ad-Hoc|iPhone.ActiveCfg = Ad-Hoc|iPhone
		{BA6F85AC-6980-49B9-A870-DE3C419F76F3}.Ad-Hoc|iPhone.Build.0 = Ad-Hoc|iPhone
		{BA6F85AC-6980-49B9-A870-DE3C419F76F3}.Ad-Hoc|iPhoneSimulator.ActiveCfg = Ad-Hoc|iPhoneSimulator
		{BA6F85AC-6980-49B9-A870-DE3C419F76F3}.Ad-Hoc|iPhoneSimulator.Build.0 = Ad-Hoc|iPhoneSimulator
		{BA6F85AC-6980-49B9-A870-DE3C419F76F3}.Ad-Hoc|x64.ActiveCfg = Ad-Hoc|iPhone
		{BA6F85AC-6980-49B9-A870-DE3C419F76F3}.Ad-Hoc|x86.ActiveCfg = Ad-Hoc|iPhone
		{BA6F85AC-6980-49B9-A870-DE3C419F76F3}.AppStore|Any CPU.ActiveCfg = AppStore|iPhone
		{BA6F85AC-6980-49B9-A870-DE3C419F76F3}.AppStore|ARM.ActiveCfg = AppStore|iPhone
		{BA6F85AC-6980-49B9-A870-DE3C419F76F3}.AppStore|iPhone.ActiveCfg = AppStore|iPhone
		{BA6F85AC-6980-49B9-A870-DE3C419F76F3}.AppStore|iPhone.Build.0 = AppStore|iPhone
		{BA6F85AC-6980-49B9-A870-DE3C419F76F3}.AppStore|iPhoneSimulator.ActiveCfg = AppStore|iPhoneSimulator
		{BA6F85AC-6980-49B9-A870-DE3C419F76F3}.AppStore|iPhoneSimulator.Build.0 = AppStore|iPhoneSimulator
		{BA6F85AC-6980-49B9-A870-DE3C419F76F3}.AppStore|x64.ActiveCfg = AppStore|iPhone
		{BA6F85AC-6980-49B9-A870-DE3C419F76F3}.AppStore|x86.ActiveCfg = AppStore|iPhone
		{BA6F85AC-6980-49B9-A870-DE3C419F76F3}.Debug|Any CPU.ActiveCfg = Debug|iPhone
		{BA6F85AC-6980-49B9-A870-DE3C419F76F3}.Debug|ARM.ActiveCfg = Debug|iPhone
		{BA6F85AC-6980-49B9-A870-DE3C419F76F3}.Debug|iPhone.ActiveCfg = Debug|iPhone
		{BA6F85AC-6980-49B9-A870-DE3C419F76F3}.Debug|iPhone.Build.0 = Debug|iPhone
		{BA6F85AC-6980-49B9-A870-DE3C419F76F3}.Debug|iPhoneSimulator.ActiveCfg = Debug|iPhoneSimulator
		{BA6F85AC-6980-49B9-A870-DE3C419F76F3}.Debug|iPhoneSimulator.Build.0 = Debug|iPhoneSimulator
		{BA6F85AC-6980-49B9-A870-DE3C419F76F3}.Debug|x64.ActiveCfg = Debug|iPhone
		{BA6F85AC-6980-49B9-A870-DE3C419F76F3}.Debug|x86.ActiveCfg = Debug|iPhone
		{BA6F85AC-6980-49B9-A870-DE3C419F76F3}.Release|Any CPU.ActiveCfg = Release|iPhone
		{BA6F85AC-6980-49B9-A870-DE3C419F76F3}.Release|ARM.ActiveCfg = Release|iPhone
		{BA6F85AC-6980-49B9-A870-DE3C419F76F3}.Release|iPhone.ActiveCfg = Release|iPhone
		{BA6F85AC-6980-49B9-A870-DE3C419F76F3}.Release|iPhone.Build.0 = Release|iPhone
		{BA6F85AC-6980-49B9-A870-DE3C419F76F3}.Release|iPhoneSimulator.ActiveCfg = Release|iPhoneSimulator
		{BA6F85AC-6980-49B9-A870-DE3C419F76F3}.Release|iPhoneSimulator.Build.0 = Release|iPhoneSimulator
		{BA6F85AC-6980-49B9-A870-DE3C419F76F3}.Release|x64.ActiveCfg = Release|iPhone
		{BA6F85AC-6980-49B9-A870-DE3C419F76F3}.Release|x86.ActiveCfg = Release|iPhone
		{C91DCDA0-C6FC-4C66-824A-999D6F7C941C}.Ad-Hoc|Any CPU.ActiveCfg = Release|x86
		{C91DCDA0-C6FC-4C66-824A-999D6F7C941C}.Ad-Hoc|Any CPU.Build.0 = Release|x86
		{C91DCDA0-C6FC-4C66-824A-999D6F7C941C}.Ad-Hoc|Any CPU.Deploy.0 = Release|x86
		{C91DCDA0-C6FC-4C66-824A-999D6F7C941C}.Ad-Hoc|ARM.ActiveCfg = Release|ARM
		{C91DCDA0-C6FC-4C66-824A-999D6F7C941C}.Ad-Hoc|ARM.Build.0 = Release|ARM
		{C91DCDA0-C6FC-4C66-824A-999D6F7C941C}.Ad-Hoc|ARM.Deploy.0 = Release|ARM
		{C91DCDA0-C6FC-4C66-824A-999D6F7C941C}.Ad-Hoc|iPhone.ActiveCfg = Release|x86
		{C91DCDA0-C6FC-4C66-824A-999D6F7C941C}.Ad-Hoc|iPhone.Build.0 = Release|x86
		{C91DCDA0-C6FC-4C66-824A-999D6F7C941C}.Ad-Hoc|iPhone.Deploy.0 = Release|x86
		{C91DCDA0-C6FC-4C66-824A-999D6F7C941C}.Ad-Hoc|iPhoneSimulator.ActiveCfg = Release|x86
		{C91DCDA0-C6FC-4C66-824A-999D6F7C941C}.Ad-Hoc|iPhoneSimulator.Build.0 = Release|x86
		{C91DCDA0-C6FC-4C66-824A-999D6F7C941C}.Ad-Hoc|iPhoneSimulator.Deploy.0 = Release|x86
		{C91DCDA0-C6FC-4C66-824A-999D6F7C941C}.Ad-Hoc|x64.ActiveCfg = Release|x64
		{C91DCDA0-C6FC-4C66-824A-999D6F7C941C}.Ad-Hoc|x64.Build.0 = Release|x64
		{C91DCDA0-C6FC-4C66-824A-999D6F7C941C}.Ad-Hoc|x64.Deploy.0 = Release|x64
		{C91DCDA0-C6FC-4C66-824A-999D6F7C941C}.Ad-Hoc|x86.ActiveCfg = Release|x86
		{C91DCDA0-C6FC-4C66-824A-999D6F7C941C}.Ad-Hoc|x86.Build.0 = Release|x86
		{C91DCDA0-C6FC-4C66-824A-999D6F7C941C}.Ad-Hoc|x86.Deploy.0 = Release|x86
		{C91DCDA0-C6FC-4C66-824A-999D6F7C941C}.AppStore|Any CPU.ActiveCfg = Release|x86
		{C91DCDA0-C6FC-4C66-824A-999D6F7C941C}.AppStore|Any CPU.Build.0 = Release|x86
		{C91DCDA0-C6FC-4C66-824A-999D6F7C941C}.AppStore|Any CPU.Deploy.0 = Release|x86
		{C91DCDA0-C6FC-4C66-824A-999D6F7C941C}.AppStore|ARM.ActiveCfg = Release|ARM
		{C91DCDA0-C6FC-4C66-824A-999D6F7C941C}.AppStore|ARM.Build.0 = Release|ARM
		{C91DCDA0-C6FC-4C66-824A-999D6F7C941C}.AppStore|ARM.Deploy.0 = Release|ARM
		{C91DCDA0-C6FC-4C66-824A-999D6F7C941C}.AppStore|iPhone.ActiveCfg = Release|x86
		{C91DCDA0-C6FC-4C66-824A-999D6F7C941C}.AppStore|iPhone.Build.0 = Release|x86
		{C91DCDA0-C6FC-4C66-824A-999D6F7C941C}.AppStore|iPhone.Deploy.0 = Release|x86
		{C91DCDA0-C6FC-4C66-824A-999D6F7C941C}.AppStore|iPhoneSimulator.ActiveCfg = Release|x86
		{C91DCDA0-C6FC-4C66-824A-999D6F7C941C}.AppStore|iPhoneSimulator.Build.0 = Release|x86
		{C91DCDA0-C6FC-4C66-824A-999D6F7C941C}.AppStore|iPhoneSimulator.Deploy.0 = Release|x86
		{C91DCDA0-C6FC-4C66-824A-999D6F7C941C}.AppStore|x64.ActiveCfg = Release|x64
		{C91DCDA0-C6FC-4C66-824A-999D6F7C941C}.AppStore|x64.Build.0 = Release|x64
		{C91DCDA0-C6FC-4C66-824A-999D6F7C941C}.AppStore|x64.Deploy.0 = Release|x64
		{C91DCDA0-C6FC-4C66-824A-999D6F7C941C}.AppStore|x86.ActiveCfg = Release|x86
		{C91DCDA0-C6FC-4C66-824A-999D6F7C941C}.AppStore|x86.Build.0 = Release|x86
		{C91DCDA0-C6FC-4C66-824A-999D6F7C941C}.AppStore|x86.Deploy.0 = Release|x86
		{C91DCDA0-C6FC-4C66-824A-999D6F7C941C}.Debug|Any CPU.ActiveCfg = Debug|x86
		{C91DCDA0-C6FC-4C66-824A-999D6F7C941C}.Debug|ARM.ActiveCfg = Debug|ARM
		{C91DCDA0-C6FC-4C66-824A-999D6F7C941C}.Debug|ARM.Build.0 = Debug|ARM
		{C91DCDA0-C6FC-4C66-824A-999D6F7C941C}.Debug|ARM.Deploy.0 = Debug|ARM
		{C91DCDA0-C6FC-4C66-824A-999D6F7C941C}.Debug|iPhone.ActiveCfg = Debug|x86
		{C91DCDA0-C6FC-4C66-824A-999D6F7C941C}.Debug|iPhoneSimulator.ActiveCfg = Debug|x86
		{C91DCDA0-C6FC-4C66-824A-999D6F7C941C}.Debug|x64.ActiveCfg = Debug|x64
		{C91DCDA0-C6FC-4C66-824A-999D6F7C941C}.Debug|x64.Build.0 = Debug|x64
		{C91DCDA0-C6FC-4C66-824A-999D6F7C941C}.Debug|x64.Deploy.0 = Debug|x64
		{C91DCDA0-C6FC-4C66-824A-999D6F7C941C}.Debug|x86.ActiveCfg = Debug|x86
		{C91DCDA0-C6FC-4C66-824A-999D6F7C941C}.Debug|x86.Build.0 = Debug|x86
		{C91DCDA0-C6FC-4C66-824A-999D6F7C941C}.Debug|x86.Deploy.0 = Debug|x86
		{C91DCDA0-C6FC-4C66-824A-999D6F7C941C}.Release|Any CPU.ActiveCfg = Release|x86
		{C91DCDA0-C6FC-4C66-824A-999D6F7C941C}.Release|ARM.ActiveCfg = Release|ARM
		{C91DCDA0-C6FC-4C66-824A-999D6F7C941C}.Release|ARM.Build.0 = Release|ARM
		{C91DCDA0-C6FC-4C66-824A-999D6F7C941C}.Release|ARM.Deploy.0 = Release|ARM
		{C91DCDA0-C6FC-4C66-824A-999D6F7C941C}.Release|iPhone.ActiveCfg = Release|x86
		{C91DCDA0-C6FC-4C66-824A-999D6F7C941C}.Release|iPhoneSimulator.ActiveCfg = Release|x86
		{C91DCDA0-C6FC-4C66-824A-999D6F7C941C}.Release|x64.ActiveCfg = Release|x64
		{C91DCDA0-C6FC-4C66-824A-999D6F7C941C}.Release|x64.Build.0 = Release|x64
		{C91DCDA0-C6FC-4C66-824A-999D6F7C941C}.Release|x64.Deploy.0 = Release|x64
		{C91DCDA0-C6FC-4C66-824A-999D6F7C941C}.Release|x86.ActiveCfg = Release|x86
		{C91DCDA0-C6FC-4C66-824A-999D6F7C941C}.Release|x86.Build.0 = Release|x86
		{C91DCDA0-C6FC-4C66-824A-999D6F7C941C}.Release|x86.Deploy.0 = Release|x86
	EndGlobalSection
	GlobalSection(SolutionProperties) = preSolution
		HideSolutionNode = FALSE
	EndGlobalSection
	GlobalSection(ExtensibilityGlobals) = postSolution
		SolutionGuid = {997D0D76-CE2A-4BA8-B333-B703D062E239}
	EndGlobalSection
EndGlobal
